
Microsoft Visual Studio Solution File, Format Version 12.00
# Visual Studio 14
VisualStudioVersion = 14.0.23107.0
MinimumVisualStudioVersion = 10.0.40219.1
Project("{FAE04EC0-301F-11D3-BF4B-00C04F79EFBC}") = "UnityDarkSkin", "UnityDarkSkin\UnityDarkSkin.csproj", "{262BB00F-6900-47BD-8B1C-2136ED9A724C}"
EndProject
Global
	GlobalSection(SolutionConfigurationPlatforms) = preSolution
		Debug|Any CPU = Debug|Any CPU
		Release|Any CPU = Release|Any CPU
	EndGlobalSection
	GlobalSection(ProjectConfigurationPlatforms) = postSolution
		{262BB00F-6900-47BD-8B1C-2136ED9A724C}.Debug|Any CPU.ActiveCfg = Debug|Any CPU
		{262BB00F-6900-47BD-8B1C-2136ED9A724C}.Debug|Any CPU.Build.0 = Debug|Any CPU
		{262BB00F-6900-47BD-8B1C-2136ED9A724C}.Release|Any CPU.ActiveCfg = Release|Any CPU
		{262BB00F-6900-47BD-8B1C-2136ED9A724C}.Release|Any CPU.Build.0 = Release|Any CPU
	EndGlobalSection
	GlobalSection(SolutionProperties) = preSolution
		HideSolutionNode = FALSE
	EndGlobalSection
EndGlobal
